connectrpc.com/connect v1.19.1 h1:R5M57z05+90EfEvCY1b7hBxDVOUl45PrtXtAV2fOC14=
connectrpc.com/connect v1.19.1/go.mod h1:tN20fjdGlewnSFeZxLKb0xwIZ6ozc3OQs2hTXy4du9w=
github.com/golang-jwt/jwt/v5 v5.3.0 h1:pv4AsKCKKZuqlgs5sUmn4x8UlGa0kEVt/puTpKx9vvo=
github.com/golang-jwt/jwt/v5 v5.3.0/go.mod h1:fxCRLWMO43lRc8nhHWY6LGqRcf+1gQWArsqaEUEa5bE=
github.com/golang/protobuf v1.5.4 h1:i7eJL8qZTpSEXOPTxNKhASYpMn+8e5Q6AdndVa1dWek=
github.com/golang/protobuf v1.5.4/go.mod h1:lnTiLA8Wa4RWRcIUkrtSVa5nRhsEGBg48fD6rSs7xps=
github.com/google/go-cmp v0.7.0 h1:wk8382ETsv4JYUZwIsn6YpYiWiBsYLSJiTsyBybVuN8=
github.com/google/go-cmp v0.7.0/go.mod h1:pXiqmnSA92OHEEa9HXL2W4E7lf9JzCmGVUdgjX3N/iU=
github.com/ralvarezdev/go-flags v0.3.8 h1:b/doNRr2HsniEpz8NjbH2vxJH5WMeymIx0LAzDIOnOc=
github.com/ralvarezdev/go-flags v0.3.8/go.mod h1:R3yVBYvzwqfOp26LidaiJ/zftVAnPC3pKunVpV/vosE=
github.com/ralvarezdev/go-grpc v0.6.4 h1:JIvk9t2mDhWdihpDy6ne0Pc8yA0qW7ZCO+qkQHuK8jA=
github.com/ralvarezdev/go-grpc v0.6.4/go.mod h1:0ncpy6x4+DGMo+5PkyIsBkOHLG8jUpwC58n9mCaN0zU=
github.com/ralvarezdev/go-jwt v0.8.4 h1:h3w75joDB+9KmQNkm+lKYf7Pl5iqxdSJXbheQFLkl7Q=
github.com/ralvarezdev/go-jwt v0.8.4/go.mod h1:GMhpJR3HPyP6umB0FUzBafzxU+GqGBGA/QUM94jmVS4=
github.com/ralvarezdev/go-reflect v0.3.1 h1:+u59QNddIwI0lQWhWqO5gYGKC4oR0DP50uEpLxwdS/4=
github.com/ralvarezdev/go-reflect v0.3.1/go.mod h1:CsZqMmJCXYow9l2YQIdvIe/q7aeRtlA3gq0r9dmLEN0=
github.com/ralvarezdev/go-strings v0.2.3 h1:LNmfh75ggwzO89dwh9dRYY4UlVIe2HSAEnu2G5NXKJc=
github.com/ralvarezdev/go-strings v0.2.3/go.mod h1:8sFOqmPJpqzS7bTjf91EzUCITnwpmkfifwY80GxV5r8=
github.com/ralvarezdev/go-validator v0.7.5 h1:81qSQZFpVuvxpFMq98RKILvdlUyFw8AkxhcjFi+CIDM=
github.com/ralvarezdev/go-validator v0.7.5/go.mod h1:JkW3mU7Y7PZJxxT4mfwkYV/Pz/YSRI23NpP0W2hF/Y0=
golang.org/x/crypto v0.44.0 h1:A97SsFvM3AIwEEmTBiaxPPTYpDC47w720rdiiUvgoAU=
golang.org/x/crypto v0.44.0/go.mod h1:013i+Nw79BMiQiMsOPcVCB5ZIJbYkerPrGnOa00tvmc=
golang.org/x/net v0.47.0 h1:Mx+4dIFzqraBXUugkia1OOvlD6LemFo1ALMHjrXDOhY=
golang.org/x/net v0.47.0/go.mod h1:/jNxtkgq5yWUGYkaZGqo27cfGZ1c5Nen03aYrrKpVRU=
golang.org/x/sys v0.38.0 h1:3yZWxaJjBmCWXqhN1qh02AkOnCQ1poK6oF+a7xWL6Gc=
golang.org/x/sys v0.38.0/go.mod h1:OgkHotnGiDImocRcuBABYBEXf8A9a87e/uXjp9XT3ks=
golang.org/x/text v0.31.0 h1:aC8ghyu4JhP8VojJ2lEHBnochRno1sgL6nEi9WGFGMM=
golang.org/x/text v0.31.0/go.mod h1:tKRAlv61yKIjGGHX/4tP1LTbc13YSec1pxVEWXzfoeM=
google.golang.org/genproto/googleapis/rpc v0.0.0-20251111163417-95abcf5c77ba h1:UKgtfRM7Yh93Sya0Fo8ZzhDP4qBckrrxEr2oF5UIVb8=
google.golang.org/genproto/googleapis/rpc v0.0.0-20251111163417-95abcf5c77ba/go.mod h1:7i2o+ce6H/6BluujYR+kqX3GKH+dChPTQU19wjRPiGk=
google.golang.org/grpc v1.76.0 h1:UnVkv1+uMLYXoIz6o7chp59WfQUYA2ex/BXQ9rHZu7A=
google.golang.org/grpc v1.76.0/go.mod h1:Ju12QI8M6iQJtbcsV+awF5a4hfJMLi4X0JLo94ULZ6c=
google.golang.org/protobuf v1.36.10 h1:AYd7cD/uASjIL6Q9LiTjz8JLcrh/88q5UObnmY3aOOE=
google.golang.org/protobuf v1.36.10/go.mod h1:HTf+CrKn2C3g5S8VImy6tdcUvCska2kB7j23XfzDpco=
